
Microsoft Visual Studio Solution File, Format Version 12.00
# Visual Studio Version 17
VisualStudioVersion = 17.3.32922.545
MinimumVisualStudioVersion = 10.0.40219.1
Project("{FAE04EC0-301F-11D3-BF4B-00C04F79EFBC}") = "Pact3_Ivan", "Pact3_Ivan.csproj", "{1D7DD771-2B26-456D-B777-924F27BB01A5}"
EndProject
Project("{FAE04EC0-301F-11D3-BF4B-00C04F79EFBC}") = "UnitTestProject1", "..\UnitTestProject1\UnitTestProject1.csproj", "{6E7755EB-E783-4375-911A-2539F0208788}"
EndProject
Global
	GlobalSection(SolutionConfigurationPlatforms) = preSolution
		Debug|Any CPU = Debug|Any CPU
		Release|Any CPU = Release|Any CPU
	EndGlobalSection
	GlobalSection(ProjectConfigurationPlatforms) = postSolution
		{1D7DD771-2B26-456D-B777-924F27BB01A5}.Debug|Any CPU.ActiveCfg = Debug|Any CPU
		{1D7DD771-2B26-456D-B777-924F27BB01A5}.Debug|Any CPU.Build.0 = Debug|Any CPU
		{1D7DD771-2B26-456D-B777-924F27BB01A5}.Release|Any CPU.ActiveCfg = Release|Any CPU
		{1D7DD771-2B26-456D-B777-924F27BB01A5}.Release|Any CPU.Build.0 = Release|Any CPU
		{6E7755EB-E783-4375-911A-2539F0208788}.Debug|Any CPU.ActiveCfg = Debug|Any CPU
		{6E7755EB-E783-4375-911A-2539F0208788}.Debug|Any CPU.Build.0 = Debug|Any CPU
		{6E7755EB-E783-4375-911A-2539F0208788}.Release|Any CPU.ActiveCfg = Release|Any CPU
		{6E7755EB-E783-4375-911A-2539F0208788}.Release|Any CPU.Build.0 = Release|Any CPU
	EndGlobalSection
	GlobalSection(SolutionProperties) = preSolution
		HideSolutionNode = FALSE
	EndGlobalSection
	GlobalSection(ExtensibilityGlobals) = postSolution
		SolutionGuid = {A491FF3E-5323-4F20-B27E-7B847E91B3B1}
	EndGlobalSection
EndGlobal
